
Microsoft Visual Studio Solution File, Format Version 12.00
# Visual Studio Version 17
VisualStudioVersion = 17.5.33530.505
MinimumVisualStudioVersion = 10.0.40219.1
Project("{FAE04EC0-301F-11D3-BF4B-00C04F79EFBC}") = "HelloWorldSample", "HelloWorldSample.csproj", "{0B726A86-865B-413B-A8D0-52A33BF97D83}"
EndProject
Project("{FAE04EC0-301F-11D3-BF4B-00C04F79EFBC}") = "Factorizer", "..\Factorizer\Factorizer.csproj", "{2AC56B8B-D913-458E-A0F0-3B12390AB45D}"
EndProject
Global
	GlobalSection(SolutionConfigurationPlatforms) = preSolution
		Debug|Any CPU = Debug|Any CPU
		Release|Any CPU = Release|Any CPU
	EndGlobalSection
	GlobalSection(ProjectConfigurationPlatforms) = postSolution
		{0B726A86-865B-413B-A8D0-52A33BF97D83}.Debug|Any CPU.ActiveCfg = Debug|Any CPU
		{0B726A86-865B-413B-A8D0-52A33BF97D83}.Debug|Any CPU.Build.0 = Debug|Any CPU
		{0B726A86-865B-413B-A8D0-52A33BF97D83}.Release|Any CPU.ActiveCfg = Release|Any CPU
		{0B726A86-865B-413B-A8D0-52A33BF97D83}.Release|Any CPU.Build.0 = Release|Any CPU
		{2AC56B8B-D913-458E-A0F0-3B12390AB45D}.Debug|Any CPU.ActiveCfg = Debug|Any CPU
		{2AC56B8B-D913-458E-A0F0-3B12390AB45D}.Debug|Any CPU.Build.0 = Debug|Any CPU
		{2AC56B8B-D913-458E-A0F0-3B12390AB45D}.Release|Any CPU.ActiveCfg = Release|Any CPU
		{2AC56B8B-D913-458E-A0F0-3B12390AB45D}.Release|Any CPU.Build.0 = Release|Any CPU
	EndGlobalSection
	GlobalSection(SolutionProperties) = preSolution
		HideSolutionNode = FALSE
	EndGlobalSection
	GlobalSection(ExtensibilityGlobals) = postSolution
		SolutionGuid = {432FCD0B-52DA-42FB-A846-6AD62094E669}
	EndGlobalSection
EndGlobal
